// !$*UTF8*$!
{
	archiveVersion = 1;
	classes = {
	};
	objectVersion = 46;
	objects = {

/* Begin PBXBuildFile section */
		1314C5FA1FA8B08400617E3D /* CGButton.swift in Sources */ = {isa = PBXBuildFile; fileRef = 1314C5F91FA8B08400617E3D /* CGButton.swift */; };
		13F61E781FA85C5300D458F1 /* AppDelegate.swift in Sources */ = {isa = PBXBuildFile; fileRef = 13F61E521FA85C5300D458F1 /* AppDelegate.swift */; };
		13F61E7B1FA85C5300D458F1 /* BookViewController.swift in Sources */ = {isa = PBXBuildFile; fileRef = 13F61E571FA85C5300D458F1 /* BookViewController.swift */; };
		13F61E7E1FA85C5300D458F1 /* MovieCollectionViewCell.swift in Sources */ = {isa = PBXBuildFile; fileRef = 13F61E5C1FA85C5300D458F1 /* MovieCollectionViewCell.swift */; };
		13F61E7F1FA85C5300D458F1 /* MovieData.swift in Sources */ = {isa = PBXBuildFile; fileRef = 13F61E5D1FA85C5300D458F1 /* MovieData.swift */; };
		13F61E801FA85C5300D458F1 /* DetailedViewController.swift in Sources */ = {isa = PBXBuildFile; fileRef = 13F61E5F1FA85C5300D458F1 /* DetailedViewController.swift */; };
		13F61E811FA85C5300D458F1 /* MovieModel.swift in Sources */ = {isa = PBXBuildFile; fileRef = 13F61E601FA85C5300D458F1 /* MovieModel.swift */; };
		13F61E821FA85C5300D458F1 /* MovieViewController.swift in Sources */ = {isa = PBXBuildFile; fileRef = 13F61E611FA85C5300D458F1 /* MovieViewController.swift */; };
		13F61E831FA85C5300D458F1 /* MusicViewController.swift in Sources */ = {isa = PBXBuildFile; fileRef = 13F61E631FA85C5300D458F1 /* MusicViewController.swift */; };
		13F61E881FA85C5300D458F1 /* NavigationViewController.swift in Sources */ = {isa = PBXBuildFile; fileRef = 13F61E6E1FA85C5300D458F1 /* NavigationViewController.swift */; };
		13F61E891FA85C5300D458F1 /* NetWorking.swift in Sources */ = {isa = PBXBuildFile; fileRef = 13F61E6F1FA85C5300D458F1 /* NetWorking.swift */; };
		13F61E8A1FA85C5300D458F1 /* RootViewController.swift in Sources */ = {isa = PBXBuildFile; fileRef = 13F61E701FA85C5300D458F1 /* RootViewController.swift */; };
		13F61E8B1FA85C5300D458F1 /* TabBarViewController.swift in Sources */ = {isa = PBXBuildFile; fileRef = 13F61E711FA85C5300D458F1 /* TabBarViewController.swift */; };
		13F61E991FA85E1C00D458F1 /* Assets.xcassets in Resources */ = {isa = PBXBuildFile; fileRef = 13F61E8E1FA85E1C00D458F1 /* Assets.xcassets */; };
		13F61E9A1FA85E1C00D458F1 /* LaunchScreen.storyboard in Resources */ = {isa = PBXBuildFile; fileRef = 13F61E8F1FA85E1C00D458F1 /* LaunchScreen.storyboard */; };
		13F61E9B1FA85E1C00D458F1 /* InfoPlist.strings in Resources */ = {isa = PBXBuildFile; fileRef = 13F61E911FA85E1C00D458F1 /* InfoPlist.strings */; };
		13F61E9C1FA85E1C00D458F1 /* Info.plist in Resources */ = {isa = PBXBuildFile; fileRef = 13F61E931FA85E1C00D458F1 /* Info.plist */; };
		13F61E9D1FA85E1C00D458F1 /* LaunchScreen.strings in Resources */ = {isa = PBXBuildFile; fileRef = 13F61E951FA85E1C00D458F1 /* LaunchScreen.strings */; };
		13F61EBF1FA86AD500D458F1 /* GCFoundation.swift in Sources */ = {isa = PBXBuildFile; fileRef = 13F61EB91FA86AD500D458F1 /* GCFoundation.swift */; };
		13F61EC01FA86AD500D458F1 /* b27_icon_star_gray@2x.png in Resources */ = {isa = PBXBuildFile; fileRef = 13F61EBB1FA86AD500D458F1 /* b27_icon_star_gray@2x.png */; };
		13F61EC11FA86AD500D458F1 /* b27_icon_star_yellow@2x.png in Resources */ = {isa = PBXBuildFile; fileRef = 13F61EBC1FA86AD500D458F1 /* b27_icon_star_yellow@2x.png */; };
		13F61ECA1FA871FF00D458F1 /* CWStarRateView.m in Sources */ = {isa = PBXBuildFile; fileRef = 13F61EC91FA871FF00D458F1 /* CWStarRateView.m */; };
		A9312EA1936D546F97367DAE /* Pods_DoubanTop250.framework in Frameworks */ = {isa = PBXBuildFile; fileRef = 4E515D743F3C4EAD032CCB51 /* Pods_DoubanTop250.framework */; };
/* End PBXBuildFile section */

/* Begin PBXCopyFilesBuildPhase section */
		13A32D301D42420900911D29 /* Embed Frameworks */ = {
			isa = PBXCopyFilesBuildPhase;
			buildActionMask = 2147483647;
			dstPath = "";
			dstSubfolderSpec = 10;
			files = (
			);
			name = "Embed Frameworks";
			runOnlyForDeploymentPostprocessing = 0;
		};
/* End PBXCopyFilesBuildPhase section */

/* Begin PBXFileReference section */
		1314C5F91FA8B08400617E3D /* CGButton.swift */ = {isa = PBXFileReference; lastKnownFileType = sourcecode.swift; path = CGButton.swift; sourceTree = "<group>"; };
		13F15E9C1D3DBD9800B2ABC1 /* DoubanTop250.app */ = {isa = PBXFileReference; explicitFileType = wrapper.application; includeInIndex = 0; path = DoubanTop250.app; sourceTree = BUILT_PRODUCTS_DIR; };
		13F61E521FA85C5300D458F1 /* AppDelegate.swift */ = {isa = PBXFileReference; fileEncoding = 4; lastKnownFileType = sourcecode.swift; path = AppDelegate.swift; sourceTree = "<group>"; };
		13F61E571FA85C5300D458F1 /* BookViewController.swift */ = {isa = PBXFileReference; fileEncoding = 4; lastKnownFileType = sourcecode.swift; path = BookViewController.swift; sourceTree = "<group>"; };
		13F61E5C1FA85C5300D458F1 /* MovieCollectionViewCell.swift */ = {isa = PBXFileReference; fileEncoding = 4; lastKnownFileType = sourcecode.swift; path = MovieCollectionViewCell.swift; sourceTree = "<group>"; };
		13F61E5D1FA85C5300D458F1 /* MovieData.swift */ = {isa = PBXFileReference; fileEncoding = 4; lastKnownFileType = sourcecode.swift; path = MovieData.swift; sourceTree = "<group>"; };
		13F61E5F1FA85C5300D458F1 /* DetailedViewController.swift */ = {isa = PBXFileReference; fileEncoding = 4; lastKnownFileType = sourcecode.swift; path = DetailedViewController.swift; sourceTree = "<group>"; };
		13F61E601FA85C5300D458F1 /* MovieModel.swift */ = {isa = PBXFileReference; fileEncoding = 4; lastKnownFileType = sourcecode.swift; path = MovieModel.swift; sourceTree = "<group>"; };
		13F61E611FA85C5300D458F1 /* MovieViewController.swift */ = {isa = PBXFileReference; fileEncoding = 4; lastKnownFileType = sourcecode.swift; path = MovieViewController.swift; sourceTree = "<group>"; };
		13F61E631FA85C5300D458F1 /* MusicViewController.swift */ = {isa = PBXFileReference; fileEncoding = 4; lastKnownFileType = sourcecode.swift; path = MusicViewController.swift; sourceTree = "<group>"; };
		13F61E6E1FA85C5300D458F1 /* NavigationViewController.swift */ = {isa = PBXFileReference; fileEncoding = 4; lastKnownFileType = sourcecode.swift; path = NavigationViewController.swift; sourceTree = "<group>"; };
		13F61E6F1FA85C5300D458F1 /* NetWorking.swift */ = {isa = PBXFileReference; fileEncoding = 4; lastKnownFileType = sourcecode.swift; path = NetWorking.swift; sourceTree = "<group>"; };
		13F61E701FA85C5300D458F1 /* RootViewController.swift */ = {isa = PBXFileReference; fileEncoding = 4; lastKnownFileType = sourcecode.swift; path = RootViewController.swift; sourceTree = "<group>"; };
		13F61E711FA85C5300D458F1 /* TabBarViewController.swift */ = {isa = PBXFileReference; fileEncoding = 4; lastKnownFileType = sourcecode.swift; path = TabBarViewController.swift; sourceTree = "<group>"; };
		13F61E8E1FA85E1C00D458F1 /* Assets.xcassets */ = {isa = PBXFileReference; lastKnownFileType = folder.assetcatalog; path = Assets.xcassets; sourceTree = "<group>"; };
		13F61E901FA85E1C00D458F1 /* Base */ = {isa = PBXFileReference; lastKnownFileType = file.storyboard; name = Base; path = Base.lproj/LaunchScreen.storyboard; sourceTree = "<group>"; };
		13F61E921FA85E1C00D458F1 /* en */ = {isa = PBXFileReference; lastKnownFileType = text.plist.strings; name = en; path = en.lproj/InfoPlist.strings; sourceTree = "<group>"; };
		13F61E931FA85E1C00D458F1 /* Info.plist */ = {isa = PBXFileReference; fileEncoding = 4; lastKnownFileType = text.plist.xml; path = Info.plist; sourceTree = "<group>"; };
		13F61E941FA85E1C00D458F1 /* zh-Hans */ = {isa = PBXFileReference; lastKnownFileType = text.plist.strings; name = "zh-Hans"; path = "zh-Hans.lproj/InfoPlist.strings"; sourceTree = "<group>"; };
		13F61E961FA85E1C00D458F1 /* zh-Hans */ = {isa = PBXFileReference; lastKnownFileType = text.plist.strings; name = "zh-Hans"; path = "zh-Hans.lproj/LaunchScreen.strings"; sourceTree = "<group>"; };
		13F61E971FA85E1C00D458F1 /* zh-Hant */ = {isa = PBXFileReference; lastKnownFileType = text.plist.strings; name = "zh-Hant"; path = "zh-Hant.lproj/InfoPlist.strings"; sourceTree = "<group>"; };
		13F61E981FA85E1C00D458F1 /* zh-Hant */ = {isa = PBXFileReference; lastKnownFileType = text.plist.strings; name = "zh-Hant"; path = "zh-Hant.lproj/LaunchScreen.strings"; sourceTree = "<group>"; };
		13F61EB91FA86AD500D458F1 /* GCFoundation.swift */ = {isa = PBXFileReference; fileEncoding = 4; lastKnownFileType = sourcecode.swift; path = GCFoundation.swift; sourceTree = "<group>"; };
		13F61EBB1FA86AD500D458F1 /* b27_icon_star_gray@2x.png */ = {isa = PBXFileReference; lastKnownFileType = image.png; path = "b27_icon_star_gray@2x.png"; sourceTree = "<group>"; };
		13F61EBC1FA86AD500D458F1 /* b27_icon_star_yellow@2x.png */ = {isa = PBXFileReference; lastKnownFileType = image.png; path = "b27_icon_star_yellow@2x.png"; sourceTree = "<group>"; };
		13F61EC81FA871FF00D458F1 /* CWStarRateView.h */ = {isa = PBXFileReference; fileEncoding = 4; lastKnownFileType = sourcecode.c.h; path = CWStarRateView.h; sourceTree = "<group>"; };
		13F61EC91FA871FF00D458F1 /* CWStarRateView.m */ = {isa = PBXFileReference; fileEncoding = 4; lastKnownFileType = sourcecode.c.objc; path = CWStarRateView.m; sourceTree = "<group>"; };
		13F61ECB1FA8767A00D458F1 /* DoubanTop250-Bridging-Header.h */ = {isa = PBXFileReference; lastKnownFileType = sourcecode.c.h; path = "DoubanTop250-Bridging-Header.h"; sourceTree = "<group>"; };
		1BCE97F9B334EFD0D5D25DCF /* Pods-DoubanTop250.release.xcconfig */ = {isa = PBXFileReference; includeInIndex = 1; lastKnownFileType = text.xcconfig; name = "Pods-DoubanTop250.release.xcconfig"; path = "Pods/Target Support Files/Pods-DoubanTop250/Pods-DoubanTop250.release.xcconfig"; sourceTree = "<group>"; };
		397D6E938D0DC130B19B261B /* Pods-DoubanTop250.debug.xcconfig */ = {isa = PBXFileReference; includeInIndex = 1; lastKnownFileType = text.xcconfig; name = "Pods-DoubanTop250.debug.xcconfig"; path = "Pods/Target Support Files/Pods-DoubanTop250/Pods-DoubanTop250.debug.xcconfig"; sourceTree = "<group>"; };
		4E515D743F3C4EAD032CCB51 /* Pods_DoubanTop250.framework */ = {isa = PBXFileReference; explicitFileType = wrapper.framework; includeInIndex = 0; path = Pods_DoubanTop250.framework; sourceTree = BUILT_PRODUCTS_DIR; };
/* End PBXFileReference section */

/* Begin PBXFrameworksBuildPhase section */
		13F15E991D3DBD9800B2ABC1 /* Frameworks */ = {
			isa = PBXFrameworksBuildPhase;
			buildActionMask = 2147483647;
			files = (
				A9312EA1936D546F97367DAE /* Pods_DoubanTop250.framework in Frameworks */,
			);
			runOnlyForDeploymentPostprocessing = 0;
		};
/* End PBXFrameworksBuildPhase section */

/* Begin PBXGroup section */
		1314C5F81FA8B06700617E3D /* UIkit */ = {
			isa = PBXGroup;
			children = (
				1314C5F91FA8B08400617E3D /* CGButton.swift */,
			);
			path = UIkit;
			sourceTree = "<group>";
		};
		13F15E931D3DBD9800B2ABC1 = {
			isa = PBXGroup;
			children = (
				13F61E511FA85C5300D458F1 /* Class */,
				13F61E8D1FA85E1C00D458F1 /* Resources */,
				13F15E9D1D3DBD9800B2ABC1 /* Products */,
				88346EFB0CD210ACF2EEBEDD /* Pods */,
				A7ECEB935FE373D9C0DE7C42 /* Frameworks */,
			);
			sourceTree = "<group>";
		};
		13F15E9D1D3DBD9800B2ABC1 /* Products */ = {
			isa = PBXGroup;
			children = (
				13F15E9C1D3DBD9800B2ABC1 /* DoubanTop250.app */,
			);
			name = Products;
			sourceTree = "<group>";
		};
		13F61E511FA85C5300D458F1 /* Class */ = {
			isa = PBXGroup;
			children = (
				13F61E521FA85C5300D458F1 /* AppDelegate.swift */,
				13F61EB71FA86AD500D458F1 /* Utilities */,
				13F61E561FA85C5300D458F1 /* Book */,
				13F61E5B1FA85C5300D458F1 /* Movie */,
				13F61E621FA85C5300D458F1 /* Music */,
				13F61E6C1FA85C5300D458F1 /* Root */,
			);
			path = Class;
			sourceTree = "<group>";
		};
		13F61E561FA85C5300D458F1 /* Book */ = {
			isa = PBXGroup;
			children = (
				13F61E571FA85C5300D458F1 /* BookViewController.swift */,
			);
			path = Book;
			sourceTree = "<group>";
		};
		13F61E5B1FA85C5300D458F1 /* Movie */ = {
			isa = PBXGroup;
			children = (
				13F61E5C1FA85C5300D458F1 /* MovieCollectionViewCell.swift */,
				13F61E5D1FA85C5300D458F1 /* MovieData.swift */,
				13F61E5E1FA85C5300D458F1 /* movieDetailed */,
				13F61E601FA85C5300D458F1 /* MovieModel.swift */,
				13F61E611FA85C5300D458F1 /* MovieViewController.swift */,
			);
			path = Movie;
			sourceTree = "<group>";
		};
		13F61E5E1FA85C5300D458F1 /* movieDetailed */ = {
			isa = PBXGroup;
			children = (
				13F61E5F1FA85C5300D458F1 /* DetailedViewController.swift */,
			);
			path = movieDetailed;
			sourceTree = "<group>";
		};
		13F61E621FA85C5300D458F1 /* Music */ = {
			isa = PBXGroup;
			children = (
				13F61E631FA85C5300D458F1 /* MusicViewController.swift */,
			);
			path = Music;
			sourceTree = "<group>";
		};
		13F61E6C1FA85C5300D458F1 /* Root */ = {
			isa = PBXGroup;
			children = (
				13F61ECB1FA8767A00D458F1 /* DoubanTop250-Bridging-Header.h */,
				13F61E6E1FA85C5300D458F1 /* NavigationViewController.swift */,
				13F61E6F1FA85C5300D458F1 /* NetWorking.swift */,
				13F61E701FA85C5300D458F1 /* RootViewController.swift */,
				13F61E711FA85C5300D458F1 /* TabBarViewController.swift */,
			);
			path = Root;
			sourceTree = "<group>";
		};
		13F61E8D1FA85E1C00D458F1 /* Resources */ = {
			isa = PBXGroup;
			children = (
				13F61E8E1FA85E1C00D458F1 /* Assets.xcassets */,
				13F61E8F1FA85E1C00D458F1 /* LaunchScreen.storyboard */,
				13F61E911FA85E1C00D458F1 /* InfoPlist.strings */,
				13F61E931FA85E1C00D458F1 /* Info.plist */,
				13F61E951FA85E1C00D458F1 /* LaunchScreen.strings */,
			);
			name = Resources;
			path = Class/Resources;
			sourceTree = "<group>";
		};
		13F61EB71FA86AD500D458F1 /* Utilities */ = {
			isa = PBXGroup;
			children = (
				1314C5F81FA8B06700617E3D /* UIkit */,
				13F61EB81FA86AD500D458F1 /* Foundation */,
				13F61EBA1FA86AD500D458F1 /* StarScore */,
			);
			path = Utilities;
			sourceTree = "<group>";
		};
		13F61EB81FA86AD500D458F1 /* Foundation */ = {
			isa = PBXGroup;
			children = (
				13F61EB91FA86AD500D458F1 /* GCFoundation.swift */,
			);
			path = Foundation;
			sourceTree = "<group>";
		};
		13F61EBA1FA86AD500D458F1 /* StarScore */ = {
			isa = PBXGroup;
			children = (
				13F61EBB1FA86AD500D458F1 /* b27_icon_star_gray@2x.png */,
				13F61EBC1FA86AD500D458F1 /* b27_icon_star_yellow@2x.png */,
				13F61EC81FA871FF00D458F1 /* CWStarRateView.h */,
				13F61EC91FA871FF00D458F1 /* CWStarRateView.m */,
			);
			path = StarScore;
			sourceTree = "<group>";
		};
		88346EFB0CD210ACF2EEBEDD /* Pods */ = {
			isa = PBXGroup;
			children = (
				397D6E938D0DC130B19B261B /* Pods-DoubanTop250.debug.xcconfig */,
				1BCE97F9B334EFD0D5D25DCF /* Pods-DoubanTop250.release.xcconfig */,
			);
			name = Pods;
			sourceTree = "<group>";
		};
		A7ECEB935FE373D9C0DE7C42 /* Frameworks */ = {
			isa = PBXGroup;
			children = (
				4E515D743F3C4EAD032CCB51 /* Pods_DoubanTop250.framework */,
			);
			name = Frameworks;
			sourceTree = "<group>";
		};
/* End PBXGroup section */

/* Begin PBXNativeTarget section */
		13F15E9B1D3DBD9800B2ABC1 /* DoubanTop250 */ = {
			isa = PBXNativeTarget;
			buildConfigurationList = 13F15EAE1D3DBD9900B2ABC1 /* Build configuration list for PBXNativeTarget "DoubanTop250" */;
			buildPhases = (
				30C807BEE26E1398D9C2724E /* [CP] Check Pods Manifest.lock */,
				13F15E981D3DBD9800B2ABC1 /* Sources */,
				13F15E991D3DBD9800B2ABC1 /* Frameworks */,
				13F15E9A1D3DBD9800B2ABC1 /* Resources */,
				13A32D301D42420900911D29 /* Embed Frameworks */,
				F38AD3691A0377A721748151 /* [CP] Embed Pods Frameworks */,
				D1BD6938AB9F958479D38914 /* [CP] Copy Pods Resources */,
			);
			buildRules = (
			);
			dependencies = (
			);
			name = DoubanTop250;
			productName = DoubanTop250;
			productReference = 13F15E9C1D3DBD9800B2ABC1 /* DoubanTop250.app */;
			productType = "com.apple.product-type.application";
		};
/* End PBXNativeTarget section */

/* Begin PBXProject section */
		13F15E941D3DBD9800B2ABC1 /* Project object */ = {
			isa = PBXProject;
			attributes = {
				LastSwiftUpdateCheck = 0730;
				LastUpgradeCheck = 0730;
				ORGANIZATIONNAME = GhostClock;
				TargetAttributes = {
					13F15E9B1D3DBD9800B2ABC1 = {
						CreatedOnToolsVersion = 7.3.1;
						DevelopmentTeam = D98NV9TXU3;
						LastSwiftMigration = 0830;
						ProvisioningStyle = Automatic;
					};
				};
			};
			buildConfigurationList = 13F15E971D3DBD9800B2ABC1 /* Build configuration list for PBXProject "DoubanTop250" */;
			compatibilityVersion = "Xcode 3.2";
			developmentRegion = English;
			hasScannedForEncodings = 0;
			knownRegions = (
				en,
				Base,
				"zh-Hans",
				"zh-Hant",
			);
			mainGroup = 13F15E931D3DBD9800B2ABC1;
			productRefGroup = 13F15E9D1D3DBD9800B2ABC1 /* Products */;
			projectDirPath = "";
			projectRoot = "";
			targets = (
				13F15E9B1D3DBD9800B2ABC1 /* DoubanTop250 */,
			);
		};
/* End PBXProject section */

/* Begin PBXResourcesBuildPhase section */
		13F15E9A1D3DBD9800B2ABC1 /* Resources */ = {
			isa = PBXResourcesBuildPhase;
			buildActionMask = 2147483647;
			files = (
				13F61EC11FA86AD500D458F1 /* b27_icon_star_yellow@2x.png in Resources */,
				13F61EC01FA86AD500D458F1 /* b27_icon_star_gray@2x.png in Resources */,
				13F61E9C1FA85E1C00D458F1 /* Info.plist in Resources */,
				13F61E991FA85E1C00D458F1 /* Assets.xcassets in Resources */,
				13F61E9B1FA85E1C00D458F1 /* InfoPlist.strings in Resources */,
				13F61E9D1FA85E1C00D458F1 /* LaunchScreen.strings in Resources */,
				13F61E9A1FA85E1C00D458F1 /* LaunchScreen.storyboard in Resources */,
			);
			runOnlyForDeploymentPostprocessing = 0;
		};
/* End PBXResourcesBuildPhase section */

/* Begin PBXShellScriptBuildPhase section */
		30C807BEE26E1398D9C2724E /* [CP] Check Pods Manifest.lock */ = {
			isa = PBXShellScriptBuildPhase;
			buildActionMask = 2147483647;
			files = (
			);
			inputPaths = (
			);
			name = "[CP] Check Pods Manifest.lock";
			outputPaths = (
			);
			runOnlyForDeploymentPostprocessing = 0;
			shellPath = /bin/sh;
			shellScript = "diff \"${PODS_ROOT}/../Podfile.lock\" \"${PODS_ROOT}/Manifest.lock\" > /dev/null\nif [ $? != 0 ] ; then\n    # print error to STDERR\n    echo \"error: The sandbox is not in sync with the Podfile.lock. Run 'pod install' or update your CocoaPods installation.\" >&2\n    exit 1\nfi\n";
			showEnvVarsInLog = 0;
		};
		D1BD6938AB9F958479D38914 /* [CP] Copy Pods Resources */ = {
			isa = PBXShellScriptBuildPhase;
			buildActionMask = 2147483647;
			files = (
			);
			inputPaths = (
			);
			name = "[CP] Copy Pods Resources";
			outputPaths = (
			);
			runOnlyForDeploymentPostprocessing = 0;
			shellPath = /bin/sh;
			shellScript = "\"${SRCROOT}/Pods/Target Support Files/Pods-DoubanTop250/Pods-DoubanTop250-resources.sh\"\n";
			showEnvVarsInLog = 0;
		};
		F38AD3691A0377A721748151 /* [CP] Embed Pods Frameworks */ = {
			isa = PBXShellScriptBuildPhase;
			buildActionMask = 2147483647;
			files = (
			);
			inputPaths = (
			);
			name = "[CP] Embed Pods Frameworks";
			outputPaths = (
			);
			runOnlyForDeploymentPostprocessing = 0;
			shellPath = /bin/sh;
			shellScript = "\"${SRCROOT}/Pods/Target Support Files/Pods-DoubanTop250/Pods-DoubanTop250-frameworks.sh\"\n";
			showEnvVarsInLog = 0;
		};
/* End PBXShellScriptBuildPhase section */

/* Begin PBXSourcesBuildPhase section */
		13F15E981D3DBD9800B2ABC1 /* Sources */ = {
			isa = PBXSourcesBuildPhase;
			buildActionMask = 2147483647;
			files = (
				13F61E811FA85C5300D458F1 /* MovieModel.swift in Sources */,
				13F61E881FA85C5300D458F1 /* NavigationViewController.swift in Sources */,
				13F61E821FA85C5300D458F1 /* MovieViewController.swift in Sources */,
				13F61E8B1FA85C5300D458F1 /* TabBarViewController.swift in Sources */,
				13F61EBF1FA86AD500D458F1 /* GCFoundation.swift in Sources */,
				13F61E8A1FA85C5300D458F1 /* RootViewController.swift in Sources */,
				13F61E7F1FA85C5300D458F1 /* MovieData.swift in Sources */,
				1314C5FA1FA8B08400617E3D /* CGButton.swift in Sources */,
				13F61E7E1FA85C5300D458F1 /* MovieCollectionViewCell.swift in Sources */,
				13F61E831FA85C5300D458F1 /* MusicViewController.swift in Sources */,
				13F61E801FA85C5300D458F1 /* DetailedViewController.swift in Sources */,
				13F61E781FA85C5300D458F1 /* AppDelegate.swift in Sources */,
				13F61E7B1FA85C5300D458F1 /* BookViewController.swift in Sources */,
				13F61ECA1FA871FF00D458F1 /* CWStarRateView.m in Sources */,
				13F61E891FA85C5300D458F1 /* NetWorking.swift in Sources */,
			);
			runOnlyForDeploymentPostprocessing = 0;
		};
/* End PBXSourcesBuildPhase section */

/* Begin PBXVariantGroup section */
		13F61E8F1FA85E1C00D458F1 /* LaunchScreen.storyboard */ = {
			isa = PBXVariantGroup;
			children = (
				13F61E901FA85E1C00D458F1 /* Base */,
			);
			name = LaunchScreen.storyboard;
			sourceTree = "<group>";
		};
		13F61E911FA85E1C00D458F1 /* InfoPlist.strings */ = {
			isa = PBXVariantGroup;
			children = (
				13F61E921FA85E1C00D458F1 /* en */,
				13F61E941FA85E1C00D458F1 /* zh-Hans */,
				13F61E971FA85E1C00D458F1 /* zh-Hant */,
			);
			name = InfoPlist.strings;
			sourceTree = "<group>";
		};
		13F61E951FA85E1C00D458F1 /* LaunchScreen.strings */ = {
			isa = PBXVariantGroup;
			children = (
				13F61E961FA85E1C00D458F1 /* zh-Hans */,
				13F61E981FA85E1C00D458F1 /* zh-Hant */,
			);
			name = LaunchScreen.strings;
			sourceTree = "<group>";
		};
/* End PBXVariantGroup section */

/* Begin XCBuildConfiguration section */
		13F15EAC1D3DBD9900B2ABC1 /* Debug */ = {
			isa = XCBuildConfiguration;
			buildSettings = {
				ALWAYS_SEARCH_USER_PATHS = NO;
				CLANG_ANALYZER_NONNULL = YES;
				CLANG_CXX_LANGUAGE_STANDARD = "gnu++0x";
				CLANG_CXX_LIBRARY = "libc++";
				CLANG_ENABLE_MODULES = YES;
				CLANG_ENABLE_OBJC_ARC = YES;
				CLANG_WARN_BOOL_CONVERSION = YES;
				CLANG_WARN_CONSTANT_CONVERSION = YES;
				CLANG_WARN_DIRECT_OBJC_ISA_USAGE = YES_ERROR;
				CLANG_WARN_EMPTY_BODY = YES;
				CLANG_WARN_ENUM_CONVERSION = YES;
				CLANG_WARN_INT_CONVERSION = YES;
				CLANG_WARN_OBJC_ROOT_CLASS = YES_ERROR;
				CLANG_WARN_UNREACHABLE_CODE = YES;
				CLANG_WARN__DUPLICATE_METHOD_MATCH = YES;
				"CODE_SIGN_IDENTITY[sdk=iphoneos*]" = "iPhone Developer";
				COPY_PHASE_STRIP = NO;
				DEBUG_INFORMATION_FORMAT = dwarf;
				ENABLE_STRICT_OBJC_MSGSEND = YES;
				ENABLE_TESTABILITY = YES;
				GCC_C_LANGUAGE_STANDARD = gnu99;
				GCC_DYNAMIC_NO_PIC = NO;
				GCC_NO_COMMON_BLOCKS = YES;
				GCC_OPTIMIZATION_LEVEL = 0;
				GCC_PREPROCESSOR_DEFINITIONS = (
					"DEBUG=1",
					"$(inherited)",
				);
				GCC_WARN_64_TO_32_BIT_CONVERSION = YES;
				GCC_WARN_ABOUT_RETURN_TYPE = YES_ERROR;
				GCC_WARN_UNDECLARED_SELECTOR = YES;
				GCC_WARN_UNINITIALIZED_AUTOS = YES_AGGRESSIVE;
				GCC_WARN_UNUSED_FUNCTION = YES;
				GCC_WARN_UNUSED_VARIABLE = YES;
				IPHONEOS_DEPLOYMENT_TARGET = 9.3;
				MTL_ENABLE_DEBUG_INFO = YES;
				ONLY_ACTIVE_ARCH = YES;
				SDKROOT = iphoneos;
				SWIFT_OPTIMIZATION_LEVEL = "-Onone";
				SWIFT_VERSION = 3.0;
				TARGETED_DEVICE_FAMILY = "1,2";
			};
			name = Debug;
		};
		13F15EAD1D3DBD9900B2ABC1 /* Release */ = {
			isa = XCBuildConfiguration;
			buildSettings = {
				ALWAYS_SEARCH_USER_PATHS = NO;
				CLANG_ANALYZER_NONNULL = YES;
				CLANG_CXX_LANGUAGE_STANDARD = "gnu++0x";
				CLANG_CXX_LIBRARY = "libc++";
				CLANG_ENABLE_MODULES = YES;
				CLANG_ENABLE_OBJC_ARC = YES;
				CLANG_WARN_BOOL_CONVERSION = YES;
				CLANG_WARN_CONSTANT_CONVERSION = YES;
				CLANG_WARN_DIRECT_OBJC_ISA_USAGE = YES_ERROR;
				CLANG_WARN_EMPTY_BODY = YES;
				CLANG_WARN_ENUM_CONVERSION = YES;
				CLANG_WARN_INT_CONVERSION = YES;
				CLANG_WARN_OBJC_ROOT_CLASS = YES_ERROR;
				CLANG_WARN_UNREACHABLE_CODE = YES;
				CLANG_WARN__DUPLICATE_METHOD_MATCH = YES;
				"CODE_SIGN_IDENTITY[sdk=iphoneos*]" = "iPhone Developer";
				COPY_PHASE_STRIP = NO;
				DEBUG_INFORMATION_FORMAT = "dwarf-with-dsym";
				ENABLE_NS_ASSERTIONS = NO;
				ENABLE_STRICT_OBJC_MSGSEND = YES;
				GCC_C_LANGUAGE_STANDARD = gnu99;
				GCC_NO_COMMON_BLOCKS = YES;
				GCC_WARN_64_TO_32_BIT_CONVERSION = YES;
				GCC_WARN_ABOUT_RETURN_TYPE = YES_ERROR;
				GCC_WARN_UNDECLARED_SELECTOR = YES;
				GCC_WARN_UNINITIALIZED_AUTOS = YES_AGGRESSIVE;
				GCC_WARN_UNUSED_FUNCTION = YES;
				GCC_WARN_UNUSED_VARIABLE = YES;
				IPHONEOS_DEPLOYMENT_TARGET = 9.3;
				MTL_ENABLE_DEBUG_INFO = NO;
				SDKROOT = iphoneos;
				SWIFT_VERSION = 3.0;
				TARGETED_DEVICE_FAMILY = "1,2";
				VALIDATE_PRODUCT = YES;
			};
			name = Release;
		};
		13F15EAF1D3DBD9900B2ABC1 /* Debug */ = {
			isa = XCBuildConfiguration;
			baseConfigurationReference = 397D6E938D0DC130B19B261B /* Pods-DoubanTop250.debug.xcconfig */;
			buildSettings = {
				ASSETCATALOG_COMPILER_APPICON_NAME = AppIcon;
				CLANG_ENABLE_MODULES = YES;
				CODE_SIGN_IDENTITY = "iPhone Developer";
				"CODE_SIGN_IDENTITY[sdk=iphoneos*]" = "iPhone Developer";
				CODE_SIGN_STYLE = Automatic;
				DEVELOPMENT_TEAM = D98NV9TXU3;
				EMBEDDED_CONTENT_CONTAINS_SWIFT = YES;
				INFOPLIST_FILE = "$(SRCROOT)/Class/Resources/Info.plist";
				IPHONEOS_DEPLOYMENT_TARGET = 8.0;
				LD_RUNPATH_SEARCH_PATHS = "$(inherited) @executable_path/Frameworks";
				PRODUCT_BUNDLE_IDENTIFIER = com.com.123456789;
				PRODUCT_NAME = "$(TARGET_NAME)";
				PROVISIONING_PROFILE = "";
				PROVISIONING_PROFILE_SPECIFIER = "";
				SWIFT_OBJC_BRIDGING_HEADER = "Class/Root/DoubanTop250-Bridging-Header.h";
				SWIFT_OPTIMIZATION_LEVEL = "-Onone";
				SWIFT_VERSION = 3.0;
			};
			name = Debug;
		};
		13F15EB01D3DBD9900B2ABC1 /* Release */ = {
			isa = XCBuildConfiguration;
			baseConfigurationReference = 1BCE97F9B334EFD0D5D25DCF /* Pods-DoubanTop250.release.xcconfig */;
			buildSettings = {
				ASSETCATALOG_COMPILER_APPICON_NAME = AppIcon;
				CLANG_ENABLE_MODULES = YES;
				CODE_SIGN_IDENTITY = "iPhone Developer";
				"CODE_SIGN_IDENTITY[sdk=iphoneos*]" = "iPhone Developer";
				CODE_SIGN_STYLE = Automatic;
				DEVELOPMENT_TEAM = D98NV9TXU3;
				EMBEDDED_CONTENT_CONTAINS_SWIFT = YES;
				INFOPLIST_FILE = "$(SRCROOT)/Class/Resources/Info.plist";
				IPHONEOS_DEPLOYMENT_TARGET = 8.0;
				LD_RUNPATH_SEARCH_PATHS = "$(inherited) @executable_path/Frameworks";
				PRODUCT_BUNDLE_IDENTIFIER = com.com.123456789;
				PRODUCT_NAME = "$(TARGET_NAME)";
				PROVISIONING_PROFILE = "";
				PROVISIONING_PROFILE_SPECIFIER = "";
				SWIFT_OBJC_BRIDGING_HEADER = "Class/Root/DoubanTop250-Bridging-Header.h";
				SWIFT_VERSION = 3.0;
			};
			name = Release;
		};
/* End XCBuildConfiguration section */

/* Begin XCConfigurationList section */
		13F15E971D3DBD9800B2ABC1 /* Build configuration list for PBXProject "DoubanTop250" */ = {
			isa = XCConfigurationList;
			buildConfigurations = (
				13F15EAC1D3DBD9900B2ABC1 /* Debug */,
				13F15EAD1D3DBD9900B2ABC1 /* Release */,
			);
			defaultConfigurationIsVisible = 0;
			defaultConfigurationName = Release;
		};
		13F15EAE1D3DBD9900B2ABC1 /* Build configuration list for PBXNativeTarget "DoubanTop250" */ = {
			isa = XCConfigurationList;
			buildConfigurations = (
				13F15EAF1D3DBD9900B2ABC1 /* Debug */,
				13F15EB01D3DBD9900B2ABC1 /* Release */,
			);
			defaultConfigurationIsVisible = 0;
			defaultConfigurationName = Release;
		};
/* End XCConfigurationList section */
	};
	rootObject = 13F15E941D3DBD9800B2ABC1 /* Project object */;
}
